
Microsoft Visual Studio Solution File, Format Version 12.00
# Visual Studio Version 16
VisualStudioVersion = 16.0.31129.286
MinimumVisualStudioVersion = 10.0.40219.1
Project("{FAE04EC0-301F-11D3-BF4B-00C04F79EFBC}") = "GmailWebAPI", "GmailWebAPI\GmailWebAPI.csproj", "{052A113B-B9C4-460A-831C-153F3B576AFD}"
EndProject
Project("{FAE04EC0-301F-11D3-BF4B-00C04F79EFBC}") = "DemoGmailWithOAuthAPI", "DemoGmailWithOAuthAPI\DemoGmailWithOAuthAPI.csproj", "{1415EAB5-3DDE-4A90-A069-B262D1E939C4}"
EndProject
Project("{FAE04EC0-301F-11D3-BF4B-00C04F79EFBC}") = "DemoOutlookOAuthAPI", "DemoOutlookOAuthAPI\DemoOutlookOAuthAPI.csproj", "{8C04F635-ADFD-499B-B759-A1BFDD756FF0}"
EndProject
Project("{FAE04EC0-301F-11D3-BF4B-00C04F79EFBC}") = "TestOutlook", "TestOutlook\TestOutlook.csproj", "{0DEDF8B4-2689-4868-884F-E50072361101}"
EndProject
Global
	GlobalSection(SolutionConfigurationPlatforms) = preSolution
		Debug|Any CPU = Debug|Any CPU
		Release|Any CPU = Release|Any CPU
	EndGlobalSection
	GlobalSection(ProjectConfigurationPlatforms) = postSolution
		{052A113B-B9C4-460A-831C-153F3B576AFD}.Debug|Any CPU.ActiveCfg = Debug|Any CPU
		{052A113B-B9C4-460A-831C-153F3B576AFD}.Debug|Any CPU.Build.0 = Debug|Any CPU
		{052A113B-B9C4-460A-831C-153F3B576AFD}.Release|Any CPU.ActiveCfg = Release|Any CPU
		{052A113B-B9C4-460A-831C-153F3B576AFD}.Release|Any CPU.Build.0 = Release|Any CPU
		{1415EAB5-3DDE-4A90-A069-B262D1E939C4}.Debug|Any CPU.ActiveCfg = Debug|Any CPU
		{1415EAB5-3DDE-4A90-A069-B262D1E939C4}.Debug|Any CPU.Build.0 = Debug|Any CPU
		{1415EAB5-3DDE-4A90-A069-B262D1E939C4}.Release|Any CPU.ActiveCfg = Release|Any CPU
		{1415EAB5-3DDE-4A90-A069-B262D1E939C4}.Release|Any CPU.Build.0 = Release|Any CPU
		{8C04F635-ADFD-499B-B759-A1BFDD756FF0}.Debug|Any CPU.ActiveCfg = Debug|Any CPU
		{8C04F635-ADFD-499B-B759-A1BFDD756FF0}.Debug|Any CPU.Build.0 = Debug|Any CPU
		{8C04F635-ADFD-499B-B759-A1BFDD756FF0}.Release|Any CPU.ActiveCfg = Release|Any CPU
		{8C04F635-ADFD-499B-B759-A1BFDD756FF0}.Release|Any CPU.Build.0 = Release|Any CPU
		{0DEDF8B4-2689-4868-884F-E50072361101}.Debug|Any CPU.ActiveCfg = Debug|Any CPU
		{0DEDF8B4-2689-4868-884F-E50072361101}.Debug|Any CPU.Build.0 = Debug|Any CPU
		{0DEDF8B4-2689-4868-884F-E50072361101}.Release|Any CPU.ActiveCfg = Release|Any CPU
		{0DEDF8B4-2689-4868-884F-E50072361101}.Release|Any CPU.Build.0 = Release|Any CPU
	EndGlobalSection
	GlobalSection(SolutionProperties) = preSolution
		HideSolutionNode = FALSE
	EndGlobalSection
	GlobalSection(ExtensibilityGlobals) = postSolution
		SolutionGuid = {58B5DBB3-931E-42D2-9B80-633EC35309D2}
	EndGlobalSection
EndGlobal
