
Microsoft Visual Studio Solution File, Format Version 12.00
# Visual Studio Version 16
VisualStudioVersion = 16.0.31019.35
MinimumVisualStudioVersion = 10.0.40219.1
Project("{9A19103F-16F7-4668-BE54-9A1E7A4F7556}") = "TestLogic", "TestLogic\TestLogic.csproj", "{DC6F18D5-1788-4384-92DB-7FB5DF4AD2EF}"
EndProject
Project("{FAE04EC0-301F-11D3-BF4B-00C04F79EFBC}") = "TestWeb", "TestWeb\TestWeb.csproj", "{ED39B236-E948-4C6C-A641-0B803E81BA8B}"
EndProject
Global
	GlobalSection(SolutionConfigurationPlatforms) = preSolution
		Debug|Any CPU = Debug|Any CPU
		Release|Any CPU = Release|Any CPU
	EndGlobalSection
	GlobalSection(ProjectConfigurationPlatforms) = postSolution
		{DC6F18D5-1788-4384-92DB-7FB5DF4AD2EF}.Debug|Any CPU.ActiveCfg = Debug|Any CPU
		{DC6F18D5-1788-4384-92DB-7FB5DF4AD2EF}.Debug|Any CPU.Build.0 = Debug|Any CPU
		{DC6F18D5-1788-4384-92DB-7FB5DF4AD2EF}.Release|Any CPU.ActiveCfg = Release|Any CPU
		{DC6F18D5-1788-4384-92DB-7FB5DF4AD2EF}.Release|Any CPU.Build.0 = Release|Any CPU
		{ED39B236-E948-4C6C-A641-0B803E81BA8B}.Debug|Any CPU.ActiveCfg = Debug|Any CPU
		{ED39B236-E948-4C6C-A641-0B803E81BA8B}.Debug|Any CPU.Build.0 = Debug|Any CPU
		{ED39B236-E948-4C6C-A641-0B803E81BA8B}.Release|Any CPU.ActiveCfg = Release|Any CPU
		{ED39B236-E948-4C6C-A641-0B803E81BA8B}.Release|Any CPU.Build.0 = Release|Any CPU
	EndGlobalSection
	GlobalSection(SolutionProperties) = preSolution
		HideSolutionNode = FALSE
	EndGlobalSection
	GlobalSection(ExtensibilityGlobals) = postSolution
		SolutionGuid = {7C8793B4-4330-4DE3-AF40-181C7E09DAFA}
	EndGlobalSection
EndGlobal
