
Microsoft Visual Studio Solution File, Format Version 12.00
# Visual Studio Version 16
VisualStudioVersion = 16.0.31129.286
MinimumVisualStudioVersion = 10.0.40219.1
Project("{9A19103F-16F7-4668-BE54-9A1E7A4F7556}") = "GraphTutorial", "GraphTutorial.csproj", "{8A0DF637-7DFF-4D47-923C-ABFAE092A2C0}"
EndProject
Global
	GlobalSection(SolutionConfigurationPlatforms) = preSolution
		Debug|Any CPU = Debug|Any CPU
		Release|Any CPU = Release|Any CPU
	EndGlobalSection
	GlobalSection(ProjectConfigurationPlatforms) = postSolution
		{8A0DF637-7DFF-4D47-923C-ABFAE092A2C0}.Debug|Any CPU.ActiveCfg = Debug|Any CPU
		{8A0DF637-7DFF-4D47-923C-ABFAE092A2C0}.Debug|Any CPU.Build.0 = Debug|Any CPU
		{8A0DF637-7DFF-4D47-923C-ABFAE092A2C0}.Release|Any CPU.ActiveCfg = Release|Any CPU
		{8A0DF637-7DFF-4D47-923C-ABFAE092A2C0}.Release|Any CPU.Build.0 = Release|Any CPU
	EndGlobalSection
	GlobalSection(SolutionProperties) = preSolution
		HideSolutionNode = FALSE
	EndGlobalSection
	GlobalSection(ExtensibilityGlobals) = postSolution
		SolutionGuid = {2ECFA1C4-51F7-44B6-971E-0557A20F6FFE}
	EndGlobalSection
EndGlobal
